# This file is autogenerated, do not edit; changes may be undone by the next 'dep ensure'.


[[projects]]
  name = "github.com/PuerkitoBio/goquery"
  packages = ["."]
  revision = "e1271ee34c6a305e38566ecd27ae374944907ee9"
  version = "v1.1.0"

[[projects]]
  branch = "master"
  name = "github.com/andybalholm/cascadia"
  packages = ["."]
  revision = "349dd0209470eabd9514242c688c403c0926d266"

[[projects]]
  branch = "master"
  name = "github.com/balasanjay/totp"
  packages = ["."]
  revision = "9daf9d6ff090c67e2499fd70d96fe3b64e1d650d"

[[projects]]
  branch = "master"
  name = "github.com/golang/protobuf"
  packages = ["proto","protoc-gen-go/descriptor","ptypes","ptypes/any","ptypes/duration","ptypes/timestamp"]
  revision = "1643683e1b54a9e88ad26d98f81400c8c9d9f4f9"

[[projects]]
  branch = "master"
  name = "github.com/jessevdk/go-flags"
  packages = ["."]
  revision = "f88afde2fa19a30cf50ba4b05b3d13bc6bae3079"

[[projects]]
  branch = "master"
  name = "github.com/mattn/go-sqlite3"
  packages = ["."]
  revision = "615c193e01d8d462eef7ee390171506f531a1c9a"

[[projects]]
  branch = "master"
  name = "github.com/pelletier/go-toml"
  packages = ["."]
  revision = "4e9e0ee19b60b13eb79915933f44d8ed5f268bdd"

[[projects]]
  name = "github.com/pkg/errors"
  packages = ["."]
  revision = "645ef00459ed84a119197bfb8d8205042c6df63d"
  version = "v0.8.0"

[[projects]]
  branch = "master"
  name = "github.com/qpliu/qrencode-go"
  packages = ["qrencode"]
  revision = "ad8353b4581fa11fc01a50ebf56db3833462fc13"

[[projects]]
  branch = "master"
  name = "golang.org/x/net"
  packages = ["context","html","html/atom","http2","http2/hpack","idna","internal/timeseries","lex/httplex","trace"]
  revision = "c73622c77280266305273cb545f54516ced95b93"

[[projects]]
  branch = "master"
  name = "golang.org/x/text"
  packages = ["collate","collate/build","internal/colltab","internal/gen","internal/tag","internal/triegen","internal/ucd","language","secure/bidirule","transform","unicode/bidi","unicode/cldr","unicode/norm","unicode/rangetable"]
  revision = "6eab0e8f74e86c598ec3b6fad4888e0c11482d48"

[[projects]]
  branch = "master"
  name = "google.golang.org/genproto"
  packages = ["googleapis/rpc/status"]
  revision = "f676e0f3ac6395ff1a529ae59a6670878a8371a6"

[[projects]]
  branch = "master"
  name = "google.golang.org/grpc"
  packages = [".","balancer","balancer/roundrobin","codes","connectivity","credentials","grpclb/grpc_lb_v1/messages","grpclog","internal","keepalive","metadata","naming","peer","reflection","reflection/grpc_reflection_v1alpha","resolver","resolver/dns","resolver/passthrough","stats","status","tap","transport"]
  revision = "a4ff4e29c4bb071c28d9a81571c0d8bbdc644f9f"

[solve-meta]
  analyzer-name = "dep"
  analyzer-version = 1
  inputs-digest = "db55fdf29a180f6db30eaf1295a7b9a0ff8b033e84ae63668337a48332a5a06f"
  solver-name = "gps-cdcl"
  solver-version = 1
